{
  "name": "public",
  "lockfileVersion": 2,
  "requires": true,
  "packages": {
    "": {
      "dependencies": {
        "exif-js": "^2.3.0",
        "gpx-parser-builder": "^1.0.2",
        "isomorphic-xml2js": "^0.1.3",
        "togpx": "^0.5.4"
      }
    },
    "node_modules/@types/node": {
      "version": "18.7.18",
      "resolved": "https://registry.npmjs.org/@types/node/-/node-18.7.18.tgz",
      "integrity": "sha512-m+6nTEOadJZuTPkKR/SYK3A2d7FZrgElol9UP1Kae90VVU4a6mxnPuLiIW1m4Cq4gZ/nWb9GrdVXJCoCazDAbg=="
    },
    "node_modules/@types/xml2js": {
      "version": "0.4.11",
      "resolved": "https://registry.npmjs.org/@types/xml2js/-/xml2js-0.4.11.tgz",
      "integrity": "sha512-JdigeAKmCyoJUiQljjr7tQG3if9NkqGUgwEUqBvV0N7LM4HyQk7UXCnusRa1lnvXAEYJ8mw8GtZWioagNztOwA==",
      "dependencies": {
        "@types/node": "*"
      }
    },
    "node_modules/base64-js": {
      "version": "0.0.2",
      "resolved": "https://registry.npmjs.org/base64-js/-/base64-js-0.0.2.tgz",
      "integrity": "sha512-Pj9L87dCdGcKlSqPVUjD+q96pbIx1zQQLb2CUiWURfjiBELv84YX+0nGnKmyT/9KkC7PQk7UN1w+Al8bBozaxQ==",
      "engines": {
        "node": ">= 0.4"
      }
    },
    "node_modules/bops": {
      "version": "0.0.6",
      "resolved": "https://registry.npmjs.org/bops/-/bops-0.0.6.tgz",
      "integrity": "sha512-EWD8/Ei9o/h/wmR3w/YL/8dGKe4rSFHlaO8VNNcuXnjXjeTgxdcmhjPf9hRCYlqTrBPZbKaht+FxZKahcob5UQ==",
      "dependencies": {
        "base64-js": "0.0.2",
        "to-utf8": "0.0.1"
      }
    },
    "node_modules/concat-stream": {
      "version": "1.0.1",
      "resolved": "https://registry.npmjs.org/concat-stream/-/concat-stream-1.0.1.tgz",
      "integrity": "sha512-nAHFsgeRVVvZ+aB3S1gLeN73fQ+tdOcw075BHbXMbC6MY0h6nqAkEeqPVCw8kRuDJJZDvaUjxI4jZv2FD0Tl8A==",
      "engines": [
        "node >= 0.8.0"
      ],
      "dependencies": {
        "bops": "0.0.6"
      }
    },
    "node_modules/exif-js": {
      "version": "2.3.0",
      "resolved": "https://registry.npmjs.org/exif-js/-/exif-js-2.3.0.tgz",
      "integrity": "sha512-1Og9pAzG2FZRVlaavH8bB8BTeHcjMdJhKmeQITkX+uLRCD0xPtKAdZ2clZmQdJ56p9adXtJ8+jwrGp/4505lYg=="
    },
    "node_modules/gpx-parser-builder": {
      "version": "1.0.2",
      "resolved": "https://registry.npmjs.org/gpx-parser-builder/-/gpx-parser-builder-1.0.2.tgz",
      "integrity": "sha512-zCTGKANSytYLIicVYUUFTYhz3mbDEtIemWZvC3Vb0j8DhwPMbDSCIl9blMClxSLrr7gGbwLAk1nhj3Z41oC5sw==",
      "dependencies": {
        "isomorphic-xml2js": "~0.1"
      }
    },
    "node_modules/isomorphic-xml2js": {
      "version": "0.1.3",
      "resolved": "https://registry.npmjs.org/isomorphic-xml2js/-/isomorphic-xml2js-0.1.3.tgz",
      "integrity": "sha512-dIkT2U9ritKVWF/HfHfGwm5tTnlMnknYsv7l12oJlQQgOV2CNV65pX+FHy6HFL9YP8q0JcrlNQAFRJIN2agUmQ==",
      "dependencies": {
        "@types/xml2js": "^0.4.2",
        "xml2js": "^0.4.19"
      }
    },
    "node_modules/jxon": {
      "version": "2.0.0-beta.5",
      "resolved": "https://registry.npmjs.org/jxon/-/jxon-2.0.0-beta.5.tgz",
      "integrity": "sha512-Ot7muZ0v2cmgQ1k+e6bpNcz6E3q2zHssvzYubbKTk5nIEvBLqJfiS6/uivU2ujqKZQlORcjKqcyx6D9X6BEAkQ==",
      "dependencies": {
        "xmldom": "^0.1.21"
      }
    },
    "node_modules/optimist": {
      "version": "0.3.7",
      "resolved": "https://registry.npmjs.org/optimist/-/optimist-0.3.7.tgz",
      "integrity": "sha512-TCx0dXQzVtSCg2OgY/bO9hjM9cV4XYx09TVK+s3+FhkjT6LovsLe+pPMzpWf+6yXK/hUizs2gUoTw3jHM0VaTQ==",
      "dependencies": {
        "wordwrap": "~0.0.2"
      }
    },
    "node_modules/sax": {
      "version": "1.2.4",
      "resolved": "https://registry.npmjs.org/sax/-/sax-1.2.4.tgz",
      "integrity": "sha512-NqVDv9TpANUjFm0N8uM5GxL36UgKi9/atZw+x7YFnQ8ckwFGKrl4xX4yWtrey3UJm5nP1kUbnYgLopqWNSRhWw=="
    },
    "node_modules/to-utf8": {
      "version": "0.0.1",
      "resolved": "https://registry.npmjs.org/to-utf8/-/to-utf8-0.0.1.tgz",
      "integrity": "sha512-zks18/TWT1iHO3v0vFp5qLKOG27m67ycq/Y7a7cTiRuUNlc4gf3HGnkRgMv0NyhnfTamtkYBJl+YeD1/j07gBQ=="
    },
    "node_modules/togpx": {
      "version": "0.5.4",
      "resolved": "https://registry.npmjs.org/togpx/-/togpx-0.5.4.tgz",
      "integrity": "sha512-1LY9ZjBrCYbcWfD63ZaqRw53U0tkigGC9fOdhRaTZH6yrmhlQGbbsEVTyCFzagvbPO36sZuBz0SrEQ+paaCPiw==",
      "dependencies": {
        "concat-stream": "~1.0.1",
        "jxon": "~2.0.0-beta.5",
        "optimist": "~0.3.5",
        "xmldom": "~0.1.17"
      },
      "bin": {
        "togpx": "togpx"
      }
    },
    "node_modules/wordwrap": {
      "version": "0.0.3",
      "resolved": "https://registry.npmjs.org/wordwrap/-/wordwrap-0.0.3.tgz",
      "integrity": "sha512-1tMA907+V4QmxV7dbRvb4/8MaRALK6q9Abid3ndMYnbyo8piisCmeONVqVSXqQA3KaP4SLt5b7ud6E2sqP8TFw==",
      "engines": {
        "node": ">=0.4.0"
      }
    },
    "node_modules/xml2js": {
      "version": "0.4.23",
      "resolved": "https://registry.npmjs.org/xml2js/-/xml2js-0.4.23.tgz",
      "integrity": "sha512-ySPiMjM0+pLDftHgXY4By0uswI3SPKLDw/i3UXbnO8M/p28zqexCUoPmQFrYD+/1BzhGJSs2i1ERWKJAtiLrug==",
      "dependencies": {
        "sax": ">=0.6.0",
        "xmlbuilder": "~11.0.0"
      },
      "engines": {
        "node": ">=4.0.0"
      }
    },
    "node_modules/xmlbuilder": {
      "version": "11.0.1",
      "resolved": "https://registry.npmjs.org/xmlbuilder/-/xmlbuilder-11.0.1.tgz",
      "integrity": "sha512-fDlsI/kFEx7gLvbecc0/ohLG50fugQp8ryHzMTuW9vSa1GJ0XYWKnhsUx7oie3G98+r56aTQIUB4kht42R3JvA==",
      "engines": {
        "node": ">=4.0"
      }
    },
    "node_modules/xmldom": {
      "version": "0.1.31",
      "resolved": "https://registry.npmjs.org/xmldom/-/xmldom-0.1.31.tgz",
      "integrity": "sha512-yS2uJflVQs6n+CyjHoaBmVSqIDevTAWrzMmjG1Gc7h1qQ7uVozNhEPJAwZXWyGQ/Gafo3fCwrcaokezLPupVyQ==",
      "deprecated": "Deprecated due to CVE-2021-21366 resolved in 0.5.0",
      "engines": {
        "node": ">=0.1"
      }
    }
  },
  "dependencies": {
    "@types/node": {
      "version": "18.7.18",
      "resolved": "https://registry.npmjs.org/@types/node/-/node-18.7.18.tgz",
      "integrity": "sha512-m+6nTEOadJZuTPkKR/SYK3A2d7FZrgElol9UP1Kae90VVU4a6mxnPuLiIW1m4Cq4gZ/nWb9GrdVXJCoCazDAbg=="
    },
    "@types/xml2js": {
      "version": "0.4.11",
      "resolved": "https://registry.npmjs.org/@types/xml2js/-/xml2js-0.4.11.tgz",
      "integrity": "sha512-JdigeAKmCyoJUiQljjr7tQG3if9NkqGUgwEUqBvV0N7LM4HyQk7UXCnusRa1lnvXAEYJ8mw8GtZWioagNztOwA==",
      "requires": {
        "@types/node": "*"
      }
    },
    "base64-js": {
      "version": "0.0.2",
      "resolved": "https://registry.npmjs.org/base64-js/-/base64-js-0.0.2.tgz",
      "integrity": "sha512-Pj9L87dCdGcKlSqPVUjD+q96pbIx1zQQLb2CUiWURfjiBELv84YX+0nGnKmyT/9KkC7PQk7UN1w+Al8bBozaxQ=="
    },
    "bops": {
      "version": "0.0.6",
      "resolved": "https://registry.npmjs.org/bops/-/bops-0.0.6.tgz",
      "integrity": "sha512-EWD8/Ei9o/h/wmR3w/YL/8dGKe4rSFHlaO8VNNcuXnjXjeTgxdcmhjPf9hRCYlqTrBPZbKaht+FxZKahcob5UQ==",
      "requires": {
        "base64-js": "0.0.2",
        "to-utf8": "0.0.1"
      }
    },
    "concat-stream": {
      "version": "1.0.1",
      "resolved": "https://registry.npmjs.org/concat-stream/-/concat-stream-1.0.1.tgz",
      "integrity": "sha512-nAHFsgeRVVvZ+aB3S1gLeN73fQ+tdOcw075BHbXMbC6MY0h6nqAkEeqPVCw8kRuDJJZDvaUjxI4jZv2FD0Tl8A==",
      "requires": {
        "bops": "0.0.6"
      }
    },
    "exif-js": {
      "version": "2.3.0",
      "resolved": "https://registry.npmjs.org/exif-js/-/exif-js-2.3.0.tgz",
      "integrity": "sha512-1Og9pAzG2FZRVlaavH8bB8BTeHcjMdJhKmeQITkX+uLRCD0xPtKAdZ2clZmQdJ56p9adXtJ8+jwrGp/4505lYg=="
    },
    "gpx-parser-builder": {
      "version": "1.0.2",
      "resolved": "https://registry.npmjs.org/gpx-parser-builder/-/gpx-parser-builder-1.0.2.tgz",
      "integrity": "sha512-zCTGKANSytYLIicVYUUFTYhz3mbDEtIemWZvC3Vb0j8DhwPMbDSCIl9blMClxSLrr7gGbwLAk1nhj3Z41oC5sw==",
      "requires": {
        "isomorphic-xml2js": "~0.1"
      }
    },
    "isomorphic-xml2js": {
      "version": "0.1.3",
      "resolved": "https://registry.npmjs.org/isomorphic-xml2js/-/isomorphic-xml2js-0.1.3.tgz",
      "integrity": "sha512-dIkT2U9ritKVWF/HfHfGwm5tTnlMnknYsv7l12oJlQQgOV2CNV65pX+FHy6HFL9YP8q0JcrlNQAFRJIN2agUmQ==",
      "requires": {
        "@types/xml2js": "^0.4.2",
        "xml2js": "^0.4.19"
      }
    },
    "jxon": {
      "version": "2.0.0-beta.5",
      "resolved": "https://registry.npmjs.org/jxon/-/jxon-2.0.0-beta.5.tgz",
      "integrity": "sha512-Ot7muZ0v2cmgQ1k+e6bpNcz6E3q2zHssvzYubbKTk5nIEvBLqJfiS6/uivU2ujqKZQlORcjKqcyx6D9X6BEAkQ==",
      "requires": {
        "xmldom": "^0.1.21"
      }
    },
    "optimist": {
      "version": "0.3.7",
      "resolved": "https://registry.npmjs.org/optimist/-/optimist-0.3.7.tgz",
      "integrity": "sha512-TCx0dXQzVtSCg2OgY/bO9hjM9cV4XYx09TVK+s3+FhkjT6LovsLe+pPMzpWf+6yXK/hUizs2gUoTw3jHM0VaTQ==",
      "requires": {
        "wordwrap": "~0.0.2"
      }
    },
    "sax": {
      "version": "1.2.4",
      "resolved": "https://registry.npmjs.org/sax/-/sax-1.2.4.tgz",
      "integrity": "sha512-NqVDv9TpANUjFm0N8uM5GxL36UgKi9/atZw+x7YFnQ8ckwFGKrl4xX4yWtrey3UJm5nP1kUbnYgLopqWNSRhWw=="
    },
    "to-utf8": {
      "version": "0.0.1",
      "resolved": "https://registry.npmjs.org/to-utf8/-/to-utf8-0.0.1.tgz",
      "integrity": "sha512-zks18/TWT1iHO3v0vFp5qLKOG27m67ycq/Y7a7cTiRuUNlc4gf3HGnkRgMv0NyhnfTamtkYBJl+YeD1/j07gBQ=="
    },
    "togpx": {
      "version": "0.5.4",
      "resolved": "https://registry.npmjs.org/togpx/-/togpx-0.5.4.tgz",
      "integrity": "sha512-1LY9ZjBrCYbcWfD63ZaqRw53U0tkigGC9fOdhRaTZH6yrmhlQGbbsEVTyCFzagvbPO36sZuBz0SrEQ+paaCPiw==",
      "requires": {
        "concat-stream": "~1.0.1",
        "jxon": "~2.0.0-beta.5",
        "optimist": "~0.3.5",
        "xmldom": "~0.1.17"
      }
    },
    "wordwrap": {
      "version": "0.0.3",
      "resolved": "https://registry.npmjs.org/wordwrap/-/wordwrap-0.0.3.tgz",
      "integrity": "sha512-1tMA907+V4QmxV7dbRvb4/8MaRALK6q9Abid3ndMYnbyo8piisCmeONVqVSXqQA3KaP4SLt5b7ud6E2sqP8TFw=="
    },
    "xml2js": {
      "version": "0.4.23",
      "resolved": "https://registry.npmjs.org/xml2js/-/xml2js-0.4.23.tgz",
      "integrity": "sha512-ySPiMjM0+pLDftHgXY4By0uswI3SPKLDw/i3UXbnO8M/p28zqexCUoPmQFrYD+/1BzhGJSs2i1ERWKJAtiLrug==",
      "requires": {
        "sax": ">=0.6.0",
        "xmlbuilder": "~11.0.0"
      }
    },
    "xmlbuilder": {
      "version": "11.0.1",
      "resolved": "https://registry.npmjs.org/xmlbuilder/-/xmlbuilder-11.0.1.tgz",
      "integrity": "sha512-fDlsI/kFEx7gLvbecc0/ohLG50fugQp8ryHzMTuW9vSa1GJ0XYWKnhsUx7oie3G98+r56aTQIUB4kht42R3JvA=="
    },
    "xmldom": {
      "version": "0.1.31",
      "resolved": "https://registry.npmjs.org/xmldom/-/xmldom-0.1.31.tgz",
      "integrity": "sha512-yS2uJflVQs6n+CyjHoaBmVSqIDevTAWrzMmjG1Gc7h1qQ7uVozNhEPJAwZXWyGQ/Gafo3fCwrcaokezLPupVyQ=="
    }
  }
}
